{
  "requires": true,
  "lockfileVersion": 1,
  "dependencies": {
    "dom7": {
      "version": "2.1.3",
      "resolved": "https://registry.npm.taobao.org/dom7/download/dom7-2.1.3.tgz",
      "integrity": "sha1-pzb5w7+8TKA5qBzQlfl9HX894Zw=",
      "requires": {
        "ssr-window": "^1.0.1"
      }
    },
    "ssr-window": {
      "version": "1.0.1",
      "resolved": "https://registry.npm.taobao.org/ssr-window/download/ssr-window-1.0.1.tgz",
      "integrity": "sha1-MHUqakZm53Z/C35qpvwv29DZs2k="
    },
    "swiper": {
      "version": "5.3.6",
      "resolved": "https://registry.npm.taobao.org/swiper/download/swiper-5.3.6.tgz?cache=0&sync_timestamp=1582974792341&other_urls=https%3A%2F%2Fregistry.npm.taobao.org%2Fswiper%2Fdownload%2Fswiper-5.3.6.tgz",
      "integrity": "sha1-ECt/gUXXNOxMMOBGAhYDgjVrWUg=",
      "requires": {
        "dom7": "^2.1.3",
        "ssr-window": "^1.0.1"
      }
    }
  }
}
